
Microsoft Visual Studio Solution File, Format Version 12.00
# Visual Studio Version 16
VisualStudioVersion = 16.0.29613.14
MinimumVisualStudioVersion = 10.0.40219.1
Project("{FAE04EC0-301F-11D3-BF4B-00C04F79EFBC}") = "ConsoleApp1", "ConsoleApp1.csproj", "{45581F2F-812A-4C63-A4B5-1CA17C761DD5}"
EndProject
Global
	GlobalSection(SolutionConfigurationPlatforms) = preSolution
		Debug|Any CPU = Debug|Any CPU
		Release|Any CPU = Release|Any CPU
	EndGlobalSection
	GlobalSection(ProjectConfigurationPlatforms) = postSolution
		{45581F2F-812A-4C63-A4B5-1CA17C761DD5}.Debug|Any CPU.ActiveCfg = Debug|Any CPU
		{45581F2F-812A-4C63-A4B5-1CA17C761DD5}.Debug|Any CPU.Build.0 = Debug|Any CPU
		{45581F2F-812A-4C63-A4B5-1CA17C761DD5}.Release|Any CPU.ActiveCfg = Release|Any CPU
		{45581F2F-812A-4C63-A4B5-1CA17C761DD5}.Release|Any CPU.Build.0 = Release|Any CPU
	EndGlobalSection
	GlobalSection(SolutionProperties) = preSolution
		HideSolutionNode = FALSE
	EndGlobalSection
	GlobalSection(ExtensibilityGlobals) = postSolution
		SolutionGuid = {A9FA17FB-AAEA-490A-A696-EBB333C28003}
	EndGlobalSection
EndGlobal
