
Microsoft Visual Studio Solution File, Format Version 12.00
# Visual Studio Version 17
VisualStudioVersion = 17.3.32819.101
MinimumVisualStudioVersion = 10.0.40219.1
Project("{9A19103F-16F7-4668-BE54-9A1E7A4F7556}") = "BitmapRaw", "BitmapRaw.csproj", "{A07B028B-A16C-4160-8B8C-0B3B1F96FCE6}"
EndProject
Global
	GlobalSection(SolutionConfigurationPlatforms) = preSolution
		Debug|Any CPU = Debug|Any CPU
		Release|Any CPU = Release|Any CPU
	EndGlobalSection
	GlobalSection(ProjectConfigurationPlatforms) = postSolution
		{A07B028B-A16C-4160-8B8C-0B3B1F96FCE6}.Debug|Any CPU.ActiveCfg = Debug|Any CPU
		{A07B028B-A16C-4160-8B8C-0B3B1F96FCE6}.Debug|Any CPU.Build.0 = Debug|Any CPU
		{A07B028B-A16C-4160-8B8C-0B3B1F96FCE6}.Release|Any CPU.ActiveCfg = Release|Any CPU
		{A07B028B-A16C-4160-8B8C-0B3B1F96FCE6}.Release|Any CPU.Build.0 = Release|Any CPU
	EndGlobalSection
	GlobalSection(SolutionProperties) = preSolution
		HideSolutionNode = FALSE
	EndGlobalSection
	GlobalSection(ExtensibilityGlobals) = postSolution
		SolutionGuid = {49A66C59-C659-42AA-BEBB-D63DF5128D17}
	EndGlobalSection
EndGlobal
