
Microsoft Visual Studio Solution File, Format Version 12.00
# Visual Studio Version 17
VisualStudioVersion = 17.3.32819.101
MinimumVisualStudioVersion = 10.0.40219.1
Project("{9A19103F-16F7-4668-BE54-9A1E7A4F7556}") = "BitmapDemo", "BitmapDemo.csproj", "{A2831B64-2D92-46A9-8F8B-215E4FB0325C}"
EndProject
Global
	GlobalSection(SolutionConfigurationPlatforms) = preSolution
		Debug|Any CPU = Debug|Any CPU
		Release|Any CPU = Release|Any CPU
	EndGlobalSection
	GlobalSection(ProjectConfigurationPlatforms) = postSolution
		{A2831B64-2D92-46A9-8F8B-215E4FB0325C}.Debug|Any CPU.ActiveCfg = Debug|Any CPU
		{A2831B64-2D92-46A9-8F8B-215E4FB0325C}.Debug|Any CPU.Build.0 = Debug|Any CPU
		{A2831B64-2D92-46A9-8F8B-215E4FB0325C}.Release|Any CPU.ActiveCfg = Release|Any CPU
		{A2831B64-2D92-46A9-8F8B-215E4FB0325C}.Release|Any CPU.Build.0 = Release|Any CPU
	EndGlobalSection
	GlobalSection(SolutionProperties) = preSolution
		HideSolutionNode = FALSE
	EndGlobalSection
	GlobalSection(ExtensibilityGlobals) = postSolution
		SolutionGuid = {97AE9B1D-8C9D-4F21-AD40-B3A7898F5C1A}
	EndGlobalSection
EndGlobal
