
Microsoft Visual Studio Solution File, Format Version 12.00
# Visual Studio Version 17
VisualStudioVersion = 17.0.32112.339
MinimumVisualStudioVersion = 10.0.40219.1
Project("{9A19103F-16F7-4668-BE54-9A1E7A4F7556}") = "MauiFft", "MauiFft.csproj", "{1B0214F4-0CD3-441B-B7A1-8AF326409EE7}"
EndProject
Global
	GlobalSection(SolutionConfigurationPlatforms) = preSolution
		Debug|Any CPU = Debug|Any CPU
		Release|Any CPU = Release|Any CPU
	EndGlobalSection
	GlobalSection(ProjectConfigurationPlatforms) = postSolution
		{1B0214F4-0CD3-441B-B7A1-8AF326409EE7}.Debug|Any CPU.ActiveCfg = Debug|Any CPU
		{1B0214F4-0CD3-441B-B7A1-8AF326409EE7}.Debug|Any CPU.Build.0 = Debug|Any CPU
		{1B0214F4-0CD3-441B-B7A1-8AF326409EE7}.Release|Any CPU.ActiveCfg = Release|Any CPU
		{1B0214F4-0CD3-441B-B7A1-8AF326409EE7}.Release|Any CPU.Build.0 = Release|Any CPU
	EndGlobalSection
	GlobalSection(SolutionProperties) = preSolution
		HideSolutionNode = FALSE
	EndGlobalSection
	GlobalSection(ExtensibilityGlobals) = postSolution
		SolutionGuid = {BCA43811-C204-43BA-8B6C-4369250F6340}
	EndGlobalSection
EndGlobal
