
Microsoft Visual Studio Solution File, Format Version 12.00
# Visual Studio Version 17
VisualStudioVersion = 17.3.32819.101
MinimumVisualStudioVersion = 10.0.40219.1
Project("{9A19103F-16F7-4668-BE54-9A1E7A4F7556}") = "ISConvert", "ISConvert.csproj", "{9583A622-93AA-4098-AC22-C575C849B888}"
EndProject
Global
	GlobalSection(SolutionConfigurationPlatforms) = preSolution
		Debug|Any CPU = Debug|Any CPU
		Release|Any CPU = Release|Any CPU
	EndGlobalSection
	GlobalSection(ProjectConfigurationPlatforms) = postSolution
		{9583A622-93AA-4098-AC22-C575C849B888}.Debug|Any CPU.ActiveCfg = Debug|Any CPU
		{9583A622-93AA-4098-AC22-C575C849B888}.Debug|Any CPU.Build.0 = Debug|Any CPU
		{9583A622-93AA-4098-AC22-C575C849B888}.Release|Any CPU.ActiveCfg = Release|Any CPU
		{9583A622-93AA-4098-AC22-C575C849B888}.Release|Any CPU.Build.0 = Release|Any CPU
	EndGlobalSection
	GlobalSection(SolutionProperties) = preSolution
		HideSolutionNode = FALSE
	EndGlobalSection
	GlobalSection(ExtensibilityGlobals) = postSolution
		SolutionGuid = {DFE31C8B-77C7-43E4-847C-72F3C71C8AAA}
	EndGlobalSection
EndGlobal
