
Microsoft Visual Studio Solution File, Format Version 12.00
# Visual Studio Version 16
VisualStudioVersion = 16.0.29613.14
MinimumVisualStudioVersion = 10.0.40219.1
Project("{FAE04EC0-301F-11D3-BF4B-00C04F79EFBC}") = "OxyPlotDemo", "OxyPlotDemo.csproj", "{7A1B4C21-EF75-4E95-816F-C8C3ED92CEAC}"
EndProject
Project("{9A19103F-16F7-4668-BE54-9A1E7A4F7556}") = "OxyPlot", "..\..\..\..\..\oxyplot\Source\OxyPlot\OxyPlot.csproj", "{775166E9-72A9-4F37-BD4A-7CC66B38E070}"
EndProject
Project("{9A19103F-16F7-4668-BE54-9A1E7A4F7556}") = "OxyPlot.WindowsForms", "..\..\..\..\..\oxyplot\Source\OxyPlot.WindowsForms\OxyPlot.WindowsForms.csproj", "{2F6E5470-D56A-418F-AA54-1C6AFD365CCD}"
EndProject
Global
	GlobalSection(SolutionConfigurationPlatforms) = preSolution
		Debug|Any CPU = Debug|Any CPU
		Release|Any CPU = Release|Any CPU
	EndGlobalSection
	GlobalSection(ProjectConfigurationPlatforms) = postSolution
		{7A1B4C21-EF75-4E95-816F-C8C3ED92CEAC}.Debug|Any CPU.ActiveCfg = Debug|Any CPU
		{7A1B4C21-EF75-4E95-816F-C8C3ED92CEAC}.Debug|Any CPU.Build.0 = Debug|Any CPU
		{7A1B4C21-EF75-4E95-816F-C8C3ED92CEAC}.Release|Any CPU.ActiveCfg = Release|Any CPU
		{7A1B4C21-EF75-4E95-816F-C8C3ED92CEAC}.Release|Any CPU.Build.0 = Release|Any CPU
		{775166E9-72A9-4F37-BD4A-7CC66B38E070}.Debug|Any CPU.ActiveCfg = Debug|Any CPU
		{775166E9-72A9-4F37-BD4A-7CC66B38E070}.Debug|Any CPU.Build.0 = Debug|Any CPU
		{775166E9-72A9-4F37-BD4A-7CC66B38E070}.Release|Any CPU.ActiveCfg = Release|Any CPU
		{775166E9-72A9-4F37-BD4A-7CC66B38E070}.Release|Any CPU.Build.0 = Release|Any CPU
		{2F6E5470-D56A-418F-AA54-1C6AFD365CCD}.Debug|Any CPU.ActiveCfg = Debug|Any CPU
		{2F6E5470-D56A-418F-AA54-1C6AFD365CCD}.Debug|Any CPU.Build.0 = Debug|Any CPU
		{2F6E5470-D56A-418F-AA54-1C6AFD365CCD}.Release|Any CPU.ActiveCfg = Release|Any CPU
		{2F6E5470-D56A-418F-AA54-1C6AFD365CCD}.Release|Any CPU.Build.0 = Release|Any CPU
	EndGlobalSection
	GlobalSection(SolutionProperties) = preSolution
		HideSolutionNode = FALSE
	EndGlobalSection
	GlobalSection(ExtensibilityGlobals) = postSolution
		SolutionGuid = {7BE15101-92B8-46AA-8D86-7D161A887213}
	EndGlobalSection
EndGlobal
