
Microsoft Visual Studio Solution File, Format Version 12.00
# Visual Studio Version 16
VisualStudioVersion = 16.0.29613.14
MinimumVisualStudioVersion = 10.0.40219.1
Project("{FAE04EC0-301F-11D3-BF4B-00C04F79EFBC}") = "IntroSkia", "IntroSkia.csproj", "{6060B206-377A-4DCB-A274-54B9FF7A12D3}"
EndProject
Project("{9A19103F-16F7-4668-BE54-9A1E7A4F7556}") = "IntroAnimation", "..\IntroAnimation\IntroAnimation.csproj", "{83BEBA7E-BF91-4EC6-9E99-8033ABDEFFD6}"
EndProject
Global
	GlobalSection(SolutionConfigurationPlatforms) = preSolution
		Debug|Any CPU = Debug|Any CPU
		Release|Any CPU = Release|Any CPU
	EndGlobalSection
	GlobalSection(ProjectConfigurationPlatforms) = postSolution
		{6060B206-377A-4DCB-A274-54B9FF7A12D3}.Debug|Any CPU.ActiveCfg = Debug|Any CPU
		{6060B206-377A-4DCB-A274-54B9FF7A12D3}.Debug|Any CPU.Build.0 = Debug|Any CPU
		{6060B206-377A-4DCB-A274-54B9FF7A12D3}.Release|Any CPU.ActiveCfg = Release|Any CPU
		{6060B206-377A-4DCB-A274-54B9FF7A12D3}.Release|Any CPU.Build.0 = Release|Any CPU
		{83BEBA7E-BF91-4EC6-9E99-8033ABDEFFD6}.Debug|Any CPU.ActiveCfg = Debug|Any CPU
		{83BEBA7E-BF91-4EC6-9E99-8033ABDEFFD6}.Debug|Any CPU.Build.0 = Debug|Any CPU
		{83BEBA7E-BF91-4EC6-9E99-8033ABDEFFD6}.Release|Any CPU.ActiveCfg = Release|Any CPU
		{83BEBA7E-BF91-4EC6-9E99-8033ABDEFFD6}.Release|Any CPU.Build.0 = Release|Any CPU
	EndGlobalSection
	GlobalSection(SolutionProperties) = preSolution
		HideSolutionNode = FALSE
	EndGlobalSection
	GlobalSection(ExtensibilityGlobals) = postSolution
		SolutionGuid = {F35BE84A-E2D6-422A-870A-32C7268E6320}
	EndGlobalSection
EndGlobal
