
Microsoft Visual Studio Solution File, Format Version 12.00
# Visual Studio Version 16
VisualStudioVersion = 16.0.30011.22
MinimumVisualStudioVersion = 10.0.40219.1
Project("{9A19103F-16F7-4668-BE54-9A1E7A4F7556}") = "GraphicsModel", "GraphicsModel\GraphicsModel.csproj", "{B8757187-5CC8-4A06-B602-C821C92E0627}"
EndProject
Project("{FAE04EC0-301F-11D3-BF4B-00C04F79EFBC}") = "Viewer", "Viewer\Viewer.csproj", "{6A6108ED-4819-4DBA-A14E-B6EED4327713}"
EndProject
Project("{9A19103F-16F7-4668-BE54-9A1E7A4F7556}") = "RenderSystemDrawing", "RenderSystemDrawing\RenderSystemDrawing.csproj", "{374F49BD-5637-4B33-B14D-0DAF4BE7A849}"
EndProject
Project("{9A19103F-16F7-4668-BE54-9A1E7A4F7556}") = "ViewerWPF", "ViewerWPF\ViewerWPF.csproj", "{0AF70028-AF1E-4576-BCE2-DF1B5EFD76E5}"
EndProject
Global
	GlobalSection(SolutionConfigurationPlatforms) = preSolution
		Debug|Any CPU = Debug|Any CPU
		Release|Any CPU = Release|Any CPU
	EndGlobalSection
	GlobalSection(ProjectConfigurationPlatforms) = postSolution
		{B8757187-5CC8-4A06-B602-C821C92E0627}.Debug|Any CPU.ActiveCfg = Debug|Any CPU
		{B8757187-5CC8-4A06-B602-C821C92E0627}.Debug|Any CPU.Build.0 = Debug|Any CPU
		{B8757187-5CC8-4A06-B602-C821C92E0627}.Release|Any CPU.ActiveCfg = Release|Any CPU
		{B8757187-5CC8-4A06-B602-C821C92E0627}.Release|Any CPU.Build.0 = Release|Any CPU
		{6A6108ED-4819-4DBA-A14E-B6EED4327713}.Debug|Any CPU.ActiveCfg = Debug|Any CPU
		{6A6108ED-4819-4DBA-A14E-B6EED4327713}.Debug|Any CPU.Build.0 = Debug|Any CPU
		{6A6108ED-4819-4DBA-A14E-B6EED4327713}.Release|Any CPU.ActiveCfg = Release|Any CPU
		{6A6108ED-4819-4DBA-A14E-B6EED4327713}.Release|Any CPU.Build.0 = Release|Any CPU
		{374F49BD-5637-4B33-B14D-0DAF4BE7A849}.Debug|Any CPU.ActiveCfg = Debug|Any CPU
		{374F49BD-5637-4B33-B14D-0DAF4BE7A849}.Debug|Any CPU.Build.0 = Debug|Any CPU
		{374F49BD-5637-4B33-B14D-0DAF4BE7A849}.Release|Any CPU.ActiveCfg = Release|Any CPU
		{374F49BD-5637-4B33-B14D-0DAF4BE7A849}.Release|Any CPU.Build.0 = Release|Any CPU
		{0AF70028-AF1E-4576-BCE2-DF1B5EFD76E5}.Debug|Any CPU.ActiveCfg = Debug|Any CPU
		{0AF70028-AF1E-4576-BCE2-DF1B5EFD76E5}.Debug|Any CPU.Build.0 = Debug|Any CPU
		{0AF70028-AF1E-4576-BCE2-DF1B5EFD76E5}.Release|Any CPU.ActiveCfg = Release|Any CPU
		{0AF70028-AF1E-4576-BCE2-DF1B5EFD76E5}.Release|Any CPU.Build.0 = Release|Any CPU
	EndGlobalSection
	GlobalSection(SolutionProperties) = preSolution
		HideSolutionNode = FALSE
	EndGlobalSection
	GlobalSection(ExtensibilityGlobals) = postSolution
		SolutionGuid = {1102BF31-D2A0-4C55-8221-29A9BB8099B2}
	EndGlobalSection
EndGlobal
