
Microsoft Visual Studio Solution File, Format Version 12.00
# Visual Studio Version 17
VisualStudioVersion = 17.1.32104.313
MinimumVisualStudioVersion = 10.0.40219.1
Project("{9A19103F-16F7-4668-BE54-9A1E7A4F7556}") = "StandardGraphics", "StandardGraphics\StandardGraphics.csproj", "{6043C345-A46B-4BFB-BBEE-1C8A97CD831C}"
EndProject
Project("{9A19103F-16F7-4668-BE54-9A1E7A4F7556}") = "WinFormsNetApp", "WinFormsNetApp\WinFormsNetApp.csproj", "{C6863226-25B5-4C6A-A91A-5AC6B073FF57}"
EndProject
Project("{9A19103F-16F7-4668-BE54-9A1E7A4F7556}") = "WinFormsFrameworkApp", "WinFormsFrameworkApp\WinFormsFrameworkApp.csproj", "{44BBB8EC-D127-4F18-9806-E9E488581FE4}"
EndProject
Project("{9A19103F-16F7-4668-BE54-9A1E7A4F7556}") = "ConsoleApp", "ConsoleApp\ConsoleApp.csproj", "{F7A216C2-57E7-4B50-9618-EFC0360F4F71}"
EndProject
Project("{9A19103F-16F7-4668-BE54-9A1E7A4F7556}") = "WpfApp", "WpfApp\WpfApp.csproj", "{3893BCD6-475B-4CB0-B9B1-7CBF741E99C5}"
EndProject
Project("{FAE04EC0-301F-11D3-BF4B-00C04F79EFBC}") = "MauiGraphicsApp", "MauiGraphicsApp\MauiGraphicsApp.csproj", "{CEA8277C-40E5-4954-A809-222EC7FF0E08}"
EndProject
Global
	GlobalSection(SolutionConfigurationPlatforms) = preSolution
		Debug|Any CPU = Debug|Any CPU
		Release|Any CPU = Release|Any CPU
	EndGlobalSection
	GlobalSection(ProjectConfigurationPlatforms) = postSolution
		{6043C345-A46B-4BFB-BBEE-1C8A97CD831C}.Debug|Any CPU.ActiveCfg = Debug|Any CPU
		{6043C345-A46B-4BFB-BBEE-1C8A97CD831C}.Debug|Any CPU.Build.0 = Debug|Any CPU
		{6043C345-A46B-4BFB-BBEE-1C8A97CD831C}.Release|Any CPU.ActiveCfg = Release|Any CPU
		{6043C345-A46B-4BFB-BBEE-1C8A97CD831C}.Release|Any CPU.Build.0 = Release|Any CPU
		{C6863226-25B5-4C6A-A91A-5AC6B073FF57}.Debug|Any CPU.ActiveCfg = Debug|Any CPU
		{C6863226-25B5-4C6A-A91A-5AC6B073FF57}.Debug|Any CPU.Build.0 = Debug|Any CPU
		{C6863226-25B5-4C6A-A91A-5AC6B073FF57}.Release|Any CPU.ActiveCfg = Release|Any CPU
		{C6863226-25B5-4C6A-A91A-5AC6B073FF57}.Release|Any CPU.Build.0 = Release|Any CPU
		{44BBB8EC-D127-4F18-9806-E9E488581FE4}.Debug|Any CPU.ActiveCfg = Debug|Any CPU
		{44BBB8EC-D127-4F18-9806-E9E488581FE4}.Debug|Any CPU.Build.0 = Debug|Any CPU
		{44BBB8EC-D127-4F18-9806-E9E488581FE4}.Release|Any CPU.ActiveCfg = Release|Any CPU
		{44BBB8EC-D127-4F18-9806-E9E488581FE4}.Release|Any CPU.Build.0 = Release|Any CPU
		{F7A216C2-57E7-4B50-9618-EFC0360F4F71}.Debug|Any CPU.ActiveCfg = Debug|Any CPU
		{F7A216C2-57E7-4B50-9618-EFC0360F4F71}.Debug|Any CPU.Build.0 = Debug|Any CPU
		{F7A216C2-57E7-4B50-9618-EFC0360F4F71}.Release|Any CPU.ActiveCfg = Release|Any CPU
		{F7A216C2-57E7-4B50-9618-EFC0360F4F71}.Release|Any CPU.Build.0 = Release|Any CPU
		{3893BCD6-475B-4CB0-B9B1-7CBF741E99C5}.Debug|Any CPU.ActiveCfg = Debug|Any CPU
		{3893BCD6-475B-4CB0-B9B1-7CBF741E99C5}.Debug|Any CPU.Build.0 = Debug|Any CPU
		{3893BCD6-475B-4CB0-B9B1-7CBF741E99C5}.Release|Any CPU.ActiveCfg = Release|Any CPU
		{3893BCD6-475B-4CB0-B9B1-7CBF741E99C5}.Release|Any CPU.Build.0 = Release|Any CPU
		{CEA8277C-40E5-4954-A809-222EC7FF0E08}.Debug|Any CPU.ActiveCfg = Debug|Any CPU
		{CEA8277C-40E5-4954-A809-222EC7FF0E08}.Debug|Any CPU.Build.0 = Debug|Any CPU
		{CEA8277C-40E5-4954-A809-222EC7FF0E08}.Debug|Any CPU.Deploy.0 = Debug|Any CPU
		{CEA8277C-40E5-4954-A809-222EC7FF0E08}.Release|Any CPU.ActiveCfg = Release|Any CPU
		{CEA8277C-40E5-4954-A809-222EC7FF0E08}.Release|Any CPU.Build.0 = Release|Any CPU
		{CEA8277C-40E5-4954-A809-222EC7FF0E08}.Release|Any CPU.Deploy.0 = Release|Any CPU
	EndGlobalSection
	GlobalSection(SolutionProperties) = preSolution
		HideSolutionNode = FALSE
	EndGlobalSection
	GlobalSection(ExtensibilityGlobals) = postSolution
		SolutionGuid = {15E7CC57-1015-41BB-87D7-35C48192C6F3}
	EndGlobalSection
EndGlobal
