
Microsoft Visual Studio Solution File, Format Version 12.00
# Visual Studio Version 16
VisualStudioVersion = 16.0.28922.388
MinimumVisualStudioVersion = 10.0.40219.1
Project("{FAE04EC0-301F-11D3-BF4B-00C04F79EFBC}") = "graphicsBasics", "graphicsBasics.csproj", "{FB16BD87-EFF5-49BB-AB3B-95D9CB7CEDE7}"
EndProject
Global
	GlobalSection(SolutionConfigurationPlatforms) = preSolution
		Debug|Any CPU = Debug|Any CPU
		Release|Any CPU = Release|Any CPU
	EndGlobalSection
	GlobalSection(ProjectConfigurationPlatforms) = postSolution
		{FB16BD87-EFF5-49BB-AB3B-95D9CB7CEDE7}.Debug|Any CPU.ActiveCfg = Debug|Any CPU
		{FB16BD87-EFF5-49BB-AB3B-95D9CB7CEDE7}.Debug|Any CPU.Build.0 = Debug|Any CPU
		{FB16BD87-EFF5-49BB-AB3B-95D9CB7CEDE7}.Release|Any CPU.ActiveCfg = Release|Any CPU
		{FB16BD87-EFF5-49BB-AB3B-95D9CB7CEDE7}.Release|Any CPU.Build.0 = Release|Any CPU
	EndGlobalSection
	GlobalSection(SolutionProperties) = preSolution
		HideSolutionNode = FALSE
	EndGlobalSection
	GlobalSection(ExtensibilityGlobals) = postSolution
		SolutionGuid = {73FC84FC-323F-474C-B82B-04580A063D46}
	EndGlobalSection
EndGlobal
