
Microsoft Visual Studio Solution File, Format Version 12.00
# Visual Studio 15
VisualStudioVersion = 15.0.26430.13
MinimumVisualStudioVersion = 10.0.40219.1
Project("{FAE04EC0-301F-11D3-BF4B-00C04F79EFBC}") = "pixelDrawDrag2", "pixelDrawDrag2\pixelDrawDrag2.csproj", "{DC9D7830-12CB-45F1-9E5E-910650B2DF3F}"
EndProject
Global
	GlobalSection(SolutionConfigurationPlatforms) = preSolution
		Debug|Any CPU = Debug|Any CPU
		Release|Any CPU = Release|Any CPU
	EndGlobalSection
	GlobalSection(ProjectConfigurationPlatforms) = postSolution
		{DC9D7830-12CB-45F1-9E5E-910650B2DF3F}.Debug|Any CPU.ActiveCfg = Debug|Any CPU
		{DC9D7830-12CB-45F1-9E5E-910650B2DF3F}.Debug|Any CPU.Build.0 = Debug|Any CPU
		{DC9D7830-12CB-45F1-9E5E-910650B2DF3F}.Release|Any CPU.ActiveCfg = Release|Any CPU
		{DC9D7830-12CB-45F1-9E5E-910650B2DF3F}.Release|Any CPU.Build.0 = Release|Any CPU
	EndGlobalSection
	GlobalSection(SolutionProperties) = preSolution
		HideSolutionNode = FALSE
	EndGlobalSection
EndGlobal
