
Microsoft Visual Studio Solution File, Format Version 12.00
# Visual Studio Version 16
VisualStudioVersion = 16.0.29215.179
MinimumVisualStudioVersion = 10.0.40219.1
Project("{FAE04EC0-301F-11D3-BF4B-00C04F79EFBC}") = "SkiaDemo", "SkiaDemo\SkiaDemo.csproj", "{660DA39C-5626-4E48-B329-D71A23283E48}"
EndProject
Global
	GlobalSection(SolutionConfigurationPlatforms) = preSolution
		Debug|Any CPU = Debug|Any CPU
		Release|Any CPU = Release|Any CPU
	EndGlobalSection
	GlobalSection(ProjectConfigurationPlatforms) = postSolution
		{660DA39C-5626-4E48-B329-D71A23283E48}.Debug|Any CPU.ActiveCfg = Debug|Any CPU
		{660DA39C-5626-4E48-B329-D71A23283E48}.Debug|Any CPU.Build.0 = Debug|Any CPU
		{660DA39C-5626-4E48-B329-D71A23283E48}.Release|Any CPU.ActiveCfg = Release|Any CPU
		{660DA39C-5626-4E48-B329-D71A23283E48}.Release|Any CPU.Build.0 = Release|Any CPU
	EndGlobalSection
	GlobalSection(SolutionProperties) = preSolution
		HideSolutionNode = FALSE
	EndGlobalSection
	GlobalSection(ExtensibilityGlobals) = postSolution
		SolutionGuid = {011110C3-807E-4C33-80F2-F6C1591590B9}
	EndGlobalSection
EndGlobal
