
Microsoft Visual Studio Solution File, Format Version 12.00
# Visual Studio Version 17
VisualStudioVersion = 17.2.32210.308
MinimumVisualStudioVersion = 10.0.40219.1
Project("{9A19103F-16F7-4668-BE54-9A1E7A4F7556}") = "ArrayToImage", "ArrayToImage.csproj", "{8C424614-AB75-4012-BB5F-E10BAAC4346D}"
EndProject
Global
	GlobalSection(SolutionConfigurationPlatforms) = preSolution
		Debug|Any CPU = Debug|Any CPU
		Release|Any CPU = Release|Any CPU
	EndGlobalSection
	GlobalSection(ProjectConfigurationPlatforms) = postSolution
		{8C424614-AB75-4012-BB5F-E10BAAC4346D}.Debug|Any CPU.ActiveCfg = Debug|Any CPU
		{8C424614-AB75-4012-BB5F-E10BAAC4346D}.Debug|Any CPU.Build.0 = Debug|Any CPU
		{8C424614-AB75-4012-BB5F-E10BAAC4346D}.Release|Any CPU.ActiveCfg = Release|Any CPU
		{8C424614-AB75-4012-BB5F-E10BAAC4346D}.Release|Any CPU.Build.0 = Release|Any CPU
	EndGlobalSection
	GlobalSection(SolutionProperties) = preSolution
		HideSolutionNode = FALSE
	EndGlobalSection
	GlobalSection(ExtensibilityGlobals) = postSolution
		SolutionGuid = {7B1425C8-3E33-45EE-BD63-5D3B86D35DE1}
	EndGlobalSection
EndGlobal
