
Microsoft Visual Studio Solution File, Format Version 12.00
# Visual Studio Version 16
VisualStudioVersion = 16.0.30011.22
MinimumVisualStudioVersion = 10.0.40219.1
Project("{FAE04EC0-301F-11D3-BF4B-00C04F79EFBC}") = "IDDQuickstart452", "IDDQuickstart452\IDDQuickstart452.csproj", "{AED92CDC-8131-4DD4-ADAD-048CB2E62865}"
EndProject
Global
	GlobalSection(SolutionConfigurationPlatforms) = preSolution
		Debug|Any CPU = Debug|Any CPU
		Release|Any CPU = Release|Any CPU
	EndGlobalSection
	GlobalSection(ProjectConfigurationPlatforms) = postSolution
		{AED92CDC-8131-4DD4-ADAD-048CB2E62865}.Debug|Any CPU.ActiveCfg = Debug|Any CPU
		{AED92CDC-8131-4DD4-ADAD-048CB2E62865}.Debug|Any CPU.Build.0 = Debug|Any CPU
		{AED92CDC-8131-4DD4-ADAD-048CB2E62865}.Release|Any CPU.ActiveCfg = Release|Any CPU
		{AED92CDC-8131-4DD4-ADAD-048CB2E62865}.Release|Any CPU.Build.0 = Release|Any CPU
	EndGlobalSection
	GlobalSection(SolutionProperties) = preSolution
		HideSolutionNode = FALSE
	EndGlobalSection
	GlobalSection(ExtensibilityGlobals) = postSolution
		SolutionGuid = {8B0AE46A-74BD-4DF0-A30C-3F0A7C817EF5}
	EndGlobalSection
EndGlobal
