
Microsoft Visual Studio Solution File, Format Version 12.00
# Visual Studio Version 16
VisualStudioVersion = 16.0.29613.14
MinimumVisualStudioVersion = 10.0.40219.1
Project("{FAE04EC0-301F-11D3-BF4B-00C04F79EFBC}") = "WindowsFormsApp39", "WindowsFormsApp39.csproj", "{FB0D567F-FDCB-4AD7-BEBB-E8A133475364}"
EndProject
Global
	GlobalSection(SolutionConfigurationPlatforms) = preSolution
		Debug|Any CPU = Debug|Any CPU
		Release|Any CPU = Release|Any CPU
	EndGlobalSection
	GlobalSection(ProjectConfigurationPlatforms) = postSolution
		{FB0D567F-FDCB-4AD7-BEBB-E8A133475364}.Debug|Any CPU.ActiveCfg = Debug|Any CPU
		{FB0D567F-FDCB-4AD7-BEBB-E8A133475364}.Debug|Any CPU.Build.0 = Debug|Any CPU
		{FB0D567F-FDCB-4AD7-BEBB-E8A133475364}.Release|Any CPU.ActiveCfg = Release|Any CPU
		{FB0D567F-FDCB-4AD7-BEBB-E8A133475364}.Release|Any CPU.Build.0 = Release|Any CPU
	EndGlobalSection
	GlobalSection(SolutionProperties) = preSolution
		HideSolutionNode = FALSE
	EndGlobalSection
	GlobalSection(ExtensibilityGlobals) = postSolution
		SolutionGuid = {58663873-B96A-4728-8EDB-CE17C846C0C8}
	EndGlobalSection
EndGlobal
