
Microsoft Visual Studio Solution File, Format Version 12.00
# Visual Studio Version 16
VisualStudioVersion = 16.0.30011.22
MinimumVisualStudioVersion = 10.0.40219.1
Project("{FAE04EC0-301F-11D3-BF4B-00C04F79EFBC}") = "SkiaSharpOpenGLBenchmark", "SkiaSharpOpenGLBenchmark.csproj", "{7B1C8B0C-F74E-4505-A87C-B69E23B2703D}"
EndProject
Global
	GlobalSection(SolutionConfigurationPlatforms) = preSolution
		Debug|Any CPU = Debug|Any CPU
		Release|Any CPU = Release|Any CPU
	EndGlobalSection
	GlobalSection(ProjectConfigurationPlatforms) = postSolution
		{7B1C8B0C-F74E-4505-A87C-B69E23B2703D}.Debug|Any CPU.ActiveCfg = Debug|Any CPU
		{7B1C8B0C-F74E-4505-A87C-B69E23B2703D}.Debug|Any CPU.Build.0 = Debug|Any CPU
		{7B1C8B0C-F74E-4505-A87C-B69E23B2703D}.Release|Any CPU.ActiveCfg = Release|Any CPU
		{7B1C8B0C-F74E-4505-A87C-B69E23B2703D}.Release|Any CPU.Build.0 = Release|Any CPU
	EndGlobalSection
	GlobalSection(SolutionProperties) = preSolution
		HideSolutionNode = FALSE
	EndGlobalSection
	GlobalSection(ExtensibilityGlobals) = postSolution
		SolutionGuid = {ED33E519-95A4-426A-8FBA-2D60A1648583}
	EndGlobalSection
EndGlobal
