
Microsoft Visual Studio Solution File, Format Version 12.00
# Visual Studio Version 17
VisualStudioVersion = 17.0.32014.148
MinimumVisualStudioVersion = 10.0.40219.1
Project("{9A19103F-16F7-4668-BE54-9A1E7A4F7556}") = "SkiaCompareGL", "SkiaCompareGL.csproj", "{F185C7DE-35AB-43BA-89AE-31D2691197F0}"
EndProject
Global
	GlobalSection(SolutionConfigurationPlatforms) = preSolution
		Debug|Any CPU = Debug|Any CPU
		Release|Any CPU = Release|Any CPU
	EndGlobalSection
	GlobalSection(ProjectConfigurationPlatforms) = postSolution
		{F185C7DE-35AB-43BA-89AE-31D2691197F0}.Debug|Any CPU.ActiveCfg = Debug|Any CPU
		{F185C7DE-35AB-43BA-89AE-31D2691197F0}.Debug|Any CPU.Build.0 = Debug|Any CPU
		{F185C7DE-35AB-43BA-89AE-31D2691197F0}.Release|Any CPU.ActiveCfg = Release|Any CPU
		{F185C7DE-35AB-43BA-89AE-31D2691197F0}.Release|Any CPU.Build.0 = Release|Any CPU
	EndGlobalSection
	GlobalSection(SolutionProperties) = preSolution
		HideSolutionNode = FALSE
	EndGlobalSection
	GlobalSection(ExtensibilityGlobals) = postSolution
		SolutionGuid = {13453630-5845-4C18-B8C4-F82EBEB51B76}
	EndGlobalSection
EndGlobal
