
Microsoft Visual Studio Solution File, Format Version 12.00
# Visual Studio Version 16
VisualStudioVersion = 16.0.30011.22
MinimumVisualStudioVersion = 10.0.40219.1
Project("{9A19103F-16F7-4668-BE54-9A1E7A4F7556}") = "Starfield", "Starfield\Starfield.csproj", "{AA76F26F-D645-40FA-A2EC-AB9945AEA96F}"
EndProject
Project("{9A19103F-16F7-4668-BE54-9A1E7A4F7556}") = "Starfield.Tests", "Starfield.Tests\Starfield.Tests.csproj", "{B7149046-00D7-4E88-B67E-5240EFB2C2A3}"
EndProject
Project("{FAE04EC0-301F-11D3-BF4B-00C04F79EFBC}") = "Starfield.WinForms", "Starfield.WinForms\Starfield.WinForms.csproj", "{5E710021-B94E-4898-AF31-CA145CED201F}"
EndProject
Project("{9A19103F-16F7-4668-BE54-9A1E7A4F7556}") = "Starfield.WPF", "Starfield.WPF\Starfield.WPF.csproj", "{5B48351C-8F67-4AE8-85C8-7B381584C81E}"
EndProject
Project("{FAE04EC0-301F-11D3-BF4B-00C04F79EFBC}") = "Starfield.WinFormsNoBlock", "Starfield.WinFormsNoBlock\Starfield.WinFormsNoBlock.csproj", "{506386FA-B611-4D1D-91A3-B0439C531EA7}"
EndProject
Project("{FAE04EC0-301F-11D3-BF4B-00C04F79EFBC}") = "Starfield.WinFormsSkiaSharp", "Starfield.WinFormsSkiaSharp\Starfield.WinFormsSkiaSharp.csproj", "{CB7B6921-E6DC-4752-9B85-04284D9D24B7}"
EndProject
Global
	GlobalSection(SolutionConfigurationPlatforms) = preSolution
		Debug|Any CPU = Debug|Any CPU
		Release|Any CPU = Release|Any CPU
	EndGlobalSection
	GlobalSection(ProjectConfigurationPlatforms) = postSolution
		{AA76F26F-D645-40FA-A2EC-AB9945AEA96F}.Debug|Any CPU.ActiveCfg = Debug|Any CPU
		{AA76F26F-D645-40FA-A2EC-AB9945AEA96F}.Debug|Any CPU.Build.0 = Debug|Any CPU
		{AA76F26F-D645-40FA-A2EC-AB9945AEA96F}.Release|Any CPU.ActiveCfg = Release|Any CPU
		{AA76F26F-D645-40FA-A2EC-AB9945AEA96F}.Release|Any CPU.Build.0 = Release|Any CPU
		{B7149046-00D7-4E88-B67E-5240EFB2C2A3}.Debug|Any CPU.ActiveCfg = Debug|Any CPU
		{B7149046-00D7-4E88-B67E-5240EFB2C2A3}.Debug|Any CPU.Build.0 = Debug|Any CPU
		{B7149046-00D7-4E88-B67E-5240EFB2C2A3}.Release|Any CPU.ActiveCfg = Release|Any CPU
		{B7149046-00D7-4E88-B67E-5240EFB2C2A3}.Release|Any CPU.Build.0 = Release|Any CPU
		{5E710021-B94E-4898-AF31-CA145CED201F}.Debug|Any CPU.ActiveCfg = Debug|Any CPU
		{5E710021-B94E-4898-AF31-CA145CED201F}.Debug|Any CPU.Build.0 = Debug|Any CPU
		{5E710021-B94E-4898-AF31-CA145CED201F}.Release|Any CPU.ActiveCfg = Release|Any CPU
		{5E710021-B94E-4898-AF31-CA145CED201F}.Release|Any CPU.Build.0 = Release|Any CPU
		{5B48351C-8F67-4AE8-85C8-7B381584C81E}.Debug|Any CPU.ActiveCfg = Debug|Any CPU
		{5B48351C-8F67-4AE8-85C8-7B381584C81E}.Debug|Any CPU.Build.0 = Debug|Any CPU
		{5B48351C-8F67-4AE8-85C8-7B381584C81E}.Release|Any CPU.ActiveCfg = Release|Any CPU
		{5B48351C-8F67-4AE8-85C8-7B381584C81E}.Release|Any CPU.Build.0 = Release|Any CPU
		{506386FA-B611-4D1D-91A3-B0439C531EA7}.Debug|Any CPU.ActiveCfg = Debug|Any CPU
		{506386FA-B611-4D1D-91A3-B0439C531EA7}.Debug|Any CPU.Build.0 = Debug|Any CPU
		{506386FA-B611-4D1D-91A3-B0439C531EA7}.Release|Any CPU.ActiveCfg = Release|Any CPU
		{506386FA-B611-4D1D-91A3-B0439C531EA7}.Release|Any CPU.Build.0 = Release|Any CPU
		{CB7B6921-E6DC-4752-9B85-04284D9D24B7}.Debug|Any CPU.ActiveCfg = Debug|Any CPU
		{CB7B6921-E6DC-4752-9B85-04284D9D24B7}.Debug|Any CPU.Build.0 = Debug|Any CPU
		{CB7B6921-E6DC-4752-9B85-04284D9D24B7}.Release|Any CPU.ActiveCfg = Release|Any CPU
		{CB7B6921-E6DC-4752-9B85-04284D9D24B7}.Release|Any CPU.Build.0 = Release|Any CPU
	EndGlobalSection
	GlobalSection(SolutionProperties) = preSolution
		HideSolutionNode = FALSE
	EndGlobalSection
	GlobalSection(ExtensibilityGlobals) = postSolution
		SolutionGuid = {670F9B14-B62A-4F2A-83CF-E81BD4A3A9E9}
	EndGlobalSection
EndGlobal
