
Microsoft Visual Studio Solution File, Format Version 12.00
# Visual Studio Version 17
VisualStudioVersion = 17.0.32014.148
MinimumVisualStudioVersion = 10.0.40219.1
Project("{9A19103F-16F7-4668-BE54-9A1E7A4F7556}") = "GraphicsModelLibrary", "GraphicsModelLibrary\GraphicsModelLibrary.csproj", "{A2092482-9ED4-4BAE-8A29-99115341D2C1}"
EndProject
Project("{FAE04EC0-301F-11D3-BF4B-00C04F79EFBC}") = "FormsViewer", "FormsViewer\FormsViewer.csproj", "{C4DCF21E-4D51-4E50-8E2D-FCFB49A34BB0}"
EndProject
Global
	GlobalSection(SolutionConfigurationPlatforms) = preSolution
		Debug|Any CPU = Debug|Any CPU
		Release|Any CPU = Release|Any CPU
	EndGlobalSection
	GlobalSection(ProjectConfigurationPlatforms) = postSolution
		{A2092482-9ED4-4BAE-8A29-99115341D2C1}.Debug|Any CPU.ActiveCfg = Debug|Any CPU
		{A2092482-9ED4-4BAE-8A29-99115341D2C1}.Debug|Any CPU.Build.0 = Debug|Any CPU
		{A2092482-9ED4-4BAE-8A29-99115341D2C1}.Release|Any CPU.ActiveCfg = Release|Any CPU
		{A2092482-9ED4-4BAE-8A29-99115341D2C1}.Release|Any CPU.Build.0 = Release|Any CPU
		{C4DCF21E-4D51-4E50-8E2D-FCFB49A34BB0}.Debug|Any CPU.ActiveCfg = Debug|Any CPU
		{C4DCF21E-4D51-4E50-8E2D-FCFB49A34BB0}.Debug|Any CPU.Build.0 = Debug|Any CPU
		{C4DCF21E-4D51-4E50-8E2D-FCFB49A34BB0}.Release|Any CPU.ActiveCfg = Release|Any CPU
		{C4DCF21E-4D51-4E50-8E2D-FCFB49A34BB0}.Release|Any CPU.Build.0 = Release|Any CPU
	EndGlobalSection
	GlobalSection(SolutionProperties) = preSolution
		HideSolutionNode = FALSE
	EndGlobalSection
	GlobalSection(ExtensibilityGlobals) = postSolution
		SolutionGuid = {B3F9E8CA-7899-4847-8C0A-92400C5641F7}
	EndGlobalSection
EndGlobal
