
Microsoft Visual Studio Solution File, Format Version 12.00
# Visual Studio Version 16
VisualStudioVersion = 16.0.29215.179
MinimumVisualStudioVersion = 10.0.40219.1
Project("{FAE04EC0-301F-11D3-BF4B-00C04F79EFBC}") = "TestSkia", "TestSkia\TestSkia.csproj", "{D214A0F4-D1DB-4B9D-8272-582518DE07ED}"
EndProject
Project("{FAE04EC0-301F-11D3-BF4B-00C04F79EFBC}") = "TestImageSharp", "TestImageSharp\TestImageSharp.csproj", "{627EB5A3-D4AE-40AC-B825-46711A11902C}"
EndProject
Global
	GlobalSection(SolutionConfigurationPlatforms) = preSolution
		Debug|Any CPU = Debug|Any CPU
		Release|Any CPU = Release|Any CPU
	EndGlobalSection
	GlobalSection(ProjectConfigurationPlatforms) = postSolution
		{D214A0F4-D1DB-4B9D-8272-582518DE07ED}.Debug|Any CPU.ActiveCfg = Debug|Any CPU
		{D214A0F4-D1DB-4B9D-8272-582518DE07ED}.Debug|Any CPU.Build.0 = Debug|Any CPU
		{D214A0F4-D1DB-4B9D-8272-582518DE07ED}.Release|Any CPU.ActiveCfg = Release|Any CPU
		{D214A0F4-D1DB-4B9D-8272-582518DE07ED}.Release|Any CPU.Build.0 = Release|Any CPU
		{627EB5A3-D4AE-40AC-B825-46711A11902C}.Debug|Any CPU.ActiveCfg = Debug|Any CPU
		{627EB5A3-D4AE-40AC-B825-46711A11902C}.Debug|Any CPU.Build.0 = Debug|Any CPU
		{627EB5A3-D4AE-40AC-B825-46711A11902C}.Release|Any CPU.ActiveCfg = Release|Any CPU
		{627EB5A3-D4AE-40AC-B825-46711A11902C}.Release|Any CPU.Build.0 = Release|Any CPU
	EndGlobalSection
	GlobalSection(SolutionProperties) = preSolution
		HideSolutionNode = FALSE
	EndGlobalSection
	GlobalSection(ExtensibilityGlobals) = postSolution
		SolutionGuid = {0A015924-9427-4E48-BE4F-7208AFAE6A90}
	EndGlobalSection
EndGlobal
