
Microsoft Visual Studio Solution File, Format Version 12.00
# Visual Studio Version 16
VisualStudioVersion = 16.0.29613.14
MinimumVisualStudioVersion = 10.0.40219.1
Project("{FAE04EC0-301F-11D3-BF4B-00C04F79EFBC}") = "IntroAnimation", "IntroAnimation.csproj", "{4413AE9F-207F-4632-B5E5-7BC94743051D}"
EndProject
Global
	GlobalSection(SolutionConfigurationPlatforms) = preSolution
		Debug|Any CPU = Debug|Any CPU
		Release|Any CPU = Release|Any CPU
	EndGlobalSection
	GlobalSection(ProjectConfigurationPlatforms) = postSolution
		{4413AE9F-207F-4632-B5E5-7BC94743051D}.Debug|Any CPU.ActiveCfg = Debug|Any CPU
		{4413AE9F-207F-4632-B5E5-7BC94743051D}.Debug|Any CPU.Build.0 = Debug|Any CPU
		{4413AE9F-207F-4632-B5E5-7BC94743051D}.Release|Any CPU.ActiveCfg = Release|Any CPU
		{4413AE9F-207F-4632-B5E5-7BC94743051D}.Release|Any CPU.Build.0 = Release|Any CPU
	EndGlobalSection
	GlobalSection(SolutionProperties) = preSolution
		HideSolutionNode = FALSE
	EndGlobalSection
	GlobalSection(ExtensibilityGlobals) = postSolution
		SolutionGuid = {092E3E25-37CF-4EDC-AFD6-D8D22738B4EF}
	EndGlobalSection
EndGlobal
