
Microsoft Visual Studio Solution File, Format Version 12.00
# Visual Studio Version 16
VisualStudioVersion = 16.0.29613.14
MinimumVisualStudioVersion = 10.0.40219.1
Project("{FAE04EC0-301F-11D3-BF4B-00C04F79EFBC}") = "WindowsFormsApp1", "WindowsFormsApp1.csproj", "{D39A4EA8-11EC-44A5-B72D-FA36897A766B}"
EndProject
Global
	GlobalSection(SolutionConfigurationPlatforms) = preSolution
		Debug|Any CPU = Debug|Any CPU
		Release|Any CPU = Release|Any CPU
	EndGlobalSection
	GlobalSection(ProjectConfigurationPlatforms) = postSolution
		{D39A4EA8-11EC-44A5-B72D-FA36897A766B}.Debug|Any CPU.ActiveCfg = Debug|Any CPU
		{D39A4EA8-11EC-44A5-B72D-FA36897A766B}.Debug|Any CPU.Build.0 = Debug|Any CPU
		{D39A4EA8-11EC-44A5-B72D-FA36897A766B}.Release|Any CPU.ActiveCfg = Release|Any CPU
		{D39A4EA8-11EC-44A5-B72D-FA36897A766B}.Release|Any CPU.Build.0 = Release|Any CPU
	EndGlobalSection
	GlobalSection(SolutionProperties) = preSolution
		HideSolutionNode = FALSE
	EndGlobalSection
	GlobalSection(ExtensibilityGlobals) = postSolution
		SolutionGuid = {FCBC7501-F2A7-472E-99CD-6AFBA6ADC24A}
	EndGlobalSection
EndGlobal
