
Microsoft Visual Studio Solution File, Format Version 12.00
# Visual Studio Version 16
VisualStudioVersion = 16.0.29613.14
MinimumVisualStudioVersion = 10.0.40219.1
Project("{FAE04EC0-301F-11D3-BF4B-00C04F79EFBC}") = "IntroGDI", "IntroGDI.csproj", "{8DD4E3CB-C23F-4A4E-A22C-4FC0BC5C9013}"
EndProject
Project("{9A19103F-16F7-4668-BE54-9A1E7A4F7556}") = "IntroAnimation", "..\IntroAnimation\IntroAnimation.csproj", "{DF1E0EE0-55B5-4AC0-9FB5-C21A721E2C86}"
EndProject
Global
	GlobalSection(SolutionConfigurationPlatforms) = preSolution
		Debug|Any CPU = Debug|Any CPU
		Release|Any CPU = Release|Any CPU
	EndGlobalSection
	GlobalSection(ProjectConfigurationPlatforms) = postSolution
		{8DD4E3CB-C23F-4A4E-A22C-4FC0BC5C9013}.Debug|Any CPU.ActiveCfg = Debug|Any CPU
		{8DD4E3CB-C23F-4A4E-A22C-4FC0BC5C9013}.Debug|Any CPU.Build.0 = Debug|Any CPU
		{8DD4E3CB-C23F-4A4E-A22C-4FC0BC5C9013}.Release|Any CPU.ActiveCfg = Release|Any CPU
		{8DD4E3CB-C23F-4A4E-A22C-4FC0BC5C9013}.Release|Any CPU.Build.0 = Release|Any CPU
		{DF1E0EE0-55B5-4AC0-9FB5-C21A721E2C86}.Debug|Any CPU.ActiveCfg = Debug|Any CPU
		{DF1E0EE0-55B5-4AC0-9FB5-C21A721E2C86}.Debug|Any CPU.Build.0 = Debug|Any CPU
		{DF1E0EE0-55B5-4AC0-9FB5-C21A721E2C86}.Release|Any CPU.ActiveCfg = Release|Any CPU
		{DF1E0EE0-55B5-4AC0-9FB5-C21A721E2C86}.Release|Any CPU.Build.0 = Release|Any CPU
	EndGlobalSection
	GlobalSection(SolutionProperties) = preSolution
		HideSolutionNode = FALSE
	EndGlobalSection
	GlobalSection(ExtensibilityGlobals) = postSolution
		SolutionGuid = {616848BA-EEBC-43BA-AEB8-1239E000B24E}
	EndGlobalSection
EndGlobal
