
Microsoft Visual Studio Solution File, Format Version 12.00
# Visual Studio Version 16
VisualStudioVersion = 16.0.30804.86
MinimumVisualStudioVersion = 10.0.40219.1
Project("{FAE04EC0-301F-11D3-BF4B-00C04F79EFBC}") = "BlazorBoids", "BlazorBoids.csproj", "{607F61C3-224B-4141-A2F8-D644E9BAA1DA}"
EndProject
Global
	GlobalSection(SolutionConfigurationPlatforms) = preSolution
		Debug|Any CPU = Debug|Any CPU
		Release|Any CPU = Release|Any CPU
	EndGlobalSection
	GlobalSection(ProjectConfigurationPlatforms) = postSolution
		{607F61C3-224B-4141-A2F8-D644E9BAA1DA}.Debug|Any CPU.ActiveCfg = Debug|Any CPU
		{607F61C3-224B-4141-A2F8-D644E9BAA1DA}.Debug|Any CPU.Build.0 = Debug|Any CPU
		{607F61C3-224B-4141-A2F8-D644E9BAA1DA}.Release|Any CPU.ActiveCfg = Release|Any CPU
		{607F61C3-224B-4141-A2F8-D644E9BAA1DA}.Release|Any CPU.Build.0 = Release|Any CPU
	EndGlobalSection
	GlobalSection(SolutionProperties) = preSolution
		HideSolutionNode = FALSE
	EndGlobalSection
	GlobalSection(ExtensibilityGlobals) = postSolution
		SolutionGuid = {9D334A0D-CE68-4F45-939B-E45889BEEC23}
	EndGlobalSection
EndGlobal
