
Microsoft Visual Studio Solution File, Format Version 12.00
# Visual Studio Version 16
VisualStudioVersion = 16.0.30011.22
MinimumVisualStudioVersion = 10.0.40219.1
Project("{FAE04EC0-301F-11D3-BF4B-00C04F79EFBC}") = "NPlotQuickstart", "NPlotQuickstart.csproj", "{81C47440-D19A-4F2F-AFCF-44B06CD6E420}"
EndProject
Global
	GlobalSection(SolutionConfigurationPlatforms) = preSolution
		Debug|Any CPU = Debug|Any CPU
		Release|Any CPU = Release|Any CPU
	EndGlobalSection
	GlobalSection(ProjectConfigurationPlatforms) = postSolution
		{81C47440-D19A-4F2F-AFCF-44B06CD6E420}.Debug|Any CPU.ActiveCfg = Debug|Any CPU
		{81C47440-D19A-4F2F-AFCF-44B06CD6E420}.Debug|Any CPU.Build.0 = Debug|Any CPU
		{81C47440-D19A-4F2F-AFCF-44B06CD6E420}.Release|Any CPU.ActiveCfg = Release|Any CPU
		{81C47440-D19A-4F2F-AFCF-44B06CD6E420}.Release|Any CPU.Build.0 = Release|Any CPU
	EndGlobalSection
	GlobalSection(SolutionProperties) = preSolution
		HideSolutionNode = FALSE
	EndGlobalSection
	GlobalSection(ExtensibilityGlobals) = postSolution
		SolutionGuid = {09B82C4F-6C97-477D-9F81-FBA0A5557674}
	EndGlobalSection
EndGlobal
