
Microsoft Visual Studio Solution File, Format Version 12.00
# Visual Studio Version 16
VisualStudioVersion = 16.0.30011.22
MinimumVisualStudioVersion = 10.0.40219.1
Project("{FAE04EC0-301F-11D3-BF4B-00C04F79EFBC}") = "ChartingQuickstart", "ChartingQuickstart.csproj", "{EBD93BBC-EFEF-4D48-8AAB-7BB8CF4B113C}"
EndProject
Global
	GlobalSection(SolutionConfigurationPlatforms) = preSolution
		Debug|Any CPU = Debug|Any CPU
		Release|Any CPU = Release|Any CPU
	EndGlobalSection
	GlobalSection(ProjectConfigurationPlatforms) = postSolution
		{EBD93BBC-EFEF-4D48-8AAB-7BB8CF4B113C}.Debug|Any CPU.ActiveCfg = Debug|Any CPU
		{EBD93BBC-EFEF-4D48-8AAB-7BB8CF4B113C}.Debug|Any CPU.Build.0 = Debug|Any CPU
		{EBD93BBC-EFEF-4D48-8AAB-7BB8CF4B113C}.Release|Any CPU.ActiveCfg = Release|Any CPU
		{EBD93BBC-EFEF-4D48-8AAB-7BB8CF4B113C}.Release|Any CPU.Build.0 = Release|Any CPU
	EndGlobalSection
	GlobalSection(SolutionProperties) = preSolution
		HideSolutionNode = FALSE
	EndGlobalSection
	GlobalSection(ExtensibilityGlobals) = postSolution
		SolutionGuid = {944E0CFE-B1F1-438B-9A7D-B46C0F9F5451}
	EndGlobalSection
EndGlobal
