
Microsoft Visual Studio Solution File, Format Version 12.00
# Visual Studio Version 16
VisualStudioVersion = 16.0.30011.22
MinimumVisualStudioVersion = 10.0.40219.1
Project("{9A19103F-16F7-4668-BE54-9A1E7A4F7556}") = "Boids.Model", "Boids.Model\Boids.Model.csproj", "{3647FD87-7674-4C44-B065-1161FA052F3B}"
EndProject
Project("{FAE04EC0-301F-11D3-BF4B-00C04F79EFBC}") = "Boids.Viewer", "Boids.Viewer\Boids.Viewer.csproj", "{EB13142E-047F-4519-AE7B-7AE30C23E328}"
EndProject
Global
	GlobalSection(SolutionConfigurationPlatforms) = preSolution
		Debug|Any CPU = Debug|Any CPU
		Release|Any CPU = Release|Any CPU
	EndGlobalSection
	GlobalSection(ProjectConfigurationPlatforms) = postSolution
		{3647FD87-7674-4C44-B065-1161FA052F3B}.Debug|Any CPU.ActiveCfg = Debug|Any CPU
		{3647FD87-7674-4C44-B065-1161FA052F3B}.Debug|Any CPU.Build.0 = Debug|Any CPU
		{3647FD87-7674-4C44-B065-1161FA052F3B}.Release|Any CPU.ActiveCfg = Release|Any CPU
		{3647FD87-7674-4C44-B065-1161FA052F3B}.Release|Any CPU.Build.0 = Release|Any CPU
		{EB13142E-047F-4519-AE7B-7AE30C23E328}.Debug|Any CPU.ActiveCfg = Debug|Any CPU
		{EB13142E-047F-4519-AE7B-7AE30C23E328}.Debug|Any CPU.Build.0 = Debug|Any CPU
		{EB13142E-047F-4519-AE7B-7AE30C23E328}.Release|Any CPU.ActiveCfg = Release|Any CPU
		{EB13142E-047F-4519-AE7B-7AE30C23E328}.Release|Any CPU.Build.0 = Release|Any CPU
	EndGlobalSection
	GlobalSection(SolutionProperties) = preSolution
		HideSolutionNode = FALSE
	EndGlobalSection
	GlobalSection(ExtensibilityGlobals) = postSolution
		SolutionGuid = {C64DFD76-55FB-4331-B0BB-86FB73934E1B}
	EndGlobalSection
EndGlobal
