
Microsoft Visual Studio Solution File, Format Version 12.00
# Visual Studio Version 16
VisualStudioVersion = 16.0.30011.22
MinimumVisualStudioVersion = 10.0.40219.1
Project("{FAE04EC0-301F-11D3-BF4B-00C04F79EFBC}") = "SystemDrawing", "SystemDrawing.csproj", "{E09436EA-72A1-4ECF-A6C4-3B3AE02B6DB8}"
EndProject
Global
	GlobalSection(SolutionConfigurationPlatforms) = preSolution
		Debug|Any CPU = Debug|Any CPU
		Release|Any CPU = Release|Any CPU
	EndGlobalSection
	GlobalSection(ProjectConfigurationPlatforms) = postSolution
		{E09436EA-72A1-4ECF-A6C4-3B3AE02B6DB8}.Debug|Any CPU.ActiveCfg = Debug|Any CPU
		{E09436EA-72A1-4ECF-A6C4-3B3AE02B6DB8}.Debug|Any CPU.Build.0 = Debug|Any CPU
		{E09436EA-72A1-4ECF-A6C4-3B3AE02B6DB8}.Release|Any CPU.ActiveCfg = Release|Any CPU
		{E09436EA-72A1-4ECF-A6C4-3B3AE02B6DB8}.Release|Any CPU.Build.0 = Release|Any CPU
	EndGlobalSection
	GlobalSection(SolutionProperties) = preSolution
		HideSolutionNode = FALSE
	EndGlobalSection
	GlobalSection(ExtensibilityGlobals) = postSolution
		SolutionGuid = {34C4CE2A-5A58-4B82-9794-0C99ED6D0603}
	EndGlobalSection
EndGlobal
