
Microsoft Visual Studio Solution File, Format Version 12.00
# Visual Studio Version 16
VisualStudioVersion = 16.0.29519.181
MinimumVisualStudioVersion = 10.0.40219.1
Project("{FAE04EC0-301F-11D3-BF4B-00C04F79EFBC}") = "TitleScreenGDI", "TitleScreenGDI.csproj", "{013254E5-5C4E-425D-9A2F-D726F76F8013}"
EndProject
Global
	GlobalSection(SolutionConfigurationPlatforms) = preSolution
		Debug|Any CPU = Debug|Any CPU
		Release|Any CPU = Release|Any CPU
	EndGlobalSection
	GlobalSection(ProjectConfigurationPlatforms) = postSolution
		{013254E5-5C4E-425D-9A2F-D726F76F8013}.Debug|Any CPU.ActiveCfg = Debug|Any CPU
		{013254E5-5C4E-425D-9A2F-D726F76F8013}.Debug|Any CPU.Build.0 = Debug|Any CPU
		{013254E5-5C4E-425D-9A2F-D726F76F8013}.Release|Any CPU.ActiveCfg = Release|Any CPU
		{013254E5-5C4E-425D-9A2F-D726F76F8013}.Release|Any CPU.Build.0 = Release|Any CPU
	EndGlobalSection
	GlobalSection(SolutionProperties) = preSolution
		HideSolutionNode = FALSE
	EndGlobalSection
	GlobalSection(ExtensibilityGlobals) = postSolution
		SolutionGuid = {773565CA-37D8-4CD4-B395-AB7D9B5764E1}
	EndGlobalSection
EndGlobal
