
Microsoft Visual Studio Solution File, Format Version 12.00
# Visual Studio Version 17
VisualStudioVersion = 17.1.32210.238
MinimumVisualStudioVersion = 10.0.40219.1
Project("{9A19103F-16F7-4668-BE54-9A1E7A4F7556}") = "SkiaSharpQuickstartConsole", "SkiaSharpQuickstartConsole\SkiaSharpQuickstartConsole.csproj", "{E4A403A9-4747-48DC-97EB-4C38B49EAC17}"
EndProject
Global
	GlobalSection(SolutionConfigurationPlatforms) = preSolution
		Debug|Any CPU = Debug|Any CPU
		Release|Any CPU = Release|Any CPU
	EndGlobalSection
	GlobalSection(ProjectConfigurationPlatforms) = postSolution
		{E4A403A9-4747-48DC-97EB-4C38B49EAC17}.Debug|Any CPU.ActiveCfg = Debug|Any CPU
		{E4A403A9-4747-48DC-97EB-4C38B49EAC17}.Debug|Any CPU.Build.0 = Debug|Any CPU
		{E4A403A9-4747-48DC-97EB-4C38B49EAC17}.Release|Any CPU.ActiveCfg = Release|Any CPU
		{E4A403A9-4747-48DC-97EB-4C38B49EAC17}.Release|Any CPU.Build.0 = Release|Any CPU
	EndGlobalSection
	GlobalSection(SolutionProperties) = preSolution
		HideSolutionNode = FALSE
	EndGlobalSection
	GlobalSection(ExtensibilityGlobals) = postSolution
		SolutionGuid = {E2F0983B-B9D4-4AB6-990E-5675FCE2CC8C}
	EndGlobalSection
EndGlobal
