
Microsoft Visual Studio Solution File, Format Version 12.00
# Visual Studio Version 17
VisualStudioVersion = 17.2.32317.152
MinimumVisualStudioVersion = 10.0.40219.1
Project("{FAE04EC0-301F-11D3-BF4B-00C04F79EFBC}") = "GraphicsToVideo", "GraphicsToVideo\GraphicsToVideo.csproj", "{44E98B76-7D65-4EE8-94B4-19A346F31267}"
EndProject
Global
	GlobalSection(SolutionConfigurationPlatforms) = preSolution
		Debug|Any CPU = Debug|Any CPU
		Release|Any CPU = Release|Any CPU
	EndGlobalSection
	GlobalSection(ProjectConfigurationPlatforms) = postSolution
		{44E98B76-7D65-4EE8-94B4-19A346F31267}.Debug|Any CPU.ActiveCfg = Debug|Any CPU
		{44E98B76-7D65-4EE8-94B4-19A346F31267}.Debug|Any CPU.Build.0 = Debug|Any CPU
		{44E98B76-7D65-4EE8-94B4-19A346F31267}.Release|Any CPU.ActiveCfg = Release|Any CPU
		{44E98B76-7D65-4EE8-94B4-19A346F31267}.Release|Any CPU.Build.0 = Release|Any CPU
	EndGlobalSection
	GlobalSection(SolutionProperties) = preSolution
		HideSolutionNode = FALSE
	EndGlobalSection
	GlobalSection(ExtensibilityGlobals) = postSolution
		SolutionGuid = {F63D422E-A09D-4EA5-B914-1F40BD794CBA}
	EndGlobalSection
EndGlobal
