
Microsoft Visual Studio Solution File, Format Version 12.00
# Visual Studio Version 16
VisualStudioVersion = 16.0.30011.22
MinimumVisualStudioVersion = 10.0.40219.1
Project("{FAE04EC0-301F-11D3-BF4B-00C04F79EFBC}") = "ImageSharpBenchmark", "ImageSharpBenchmark.csproj", "{4B30D8CA-36A7-4868-AED4-DB2F4DCBADBC}"
EndProject
Global
	GlobalSection(SolutionConfigurationPlatforms) = preSolution
		Debug|Any CPU = Debug|Any CPU
		Release|Any CPU = Release|Any CPU
	EndGlobalSection
	GlobalSection(ProjectConfigurationPlatforms) = postSolution
		{4B30D8CA-36A7-4868-AED4-DB2F4DCBADBC}.Debug|Any CPU.ActiveCfg = Debug|Any CPU
		{4B30D8CA-36A7-4868-AED4-DB2F4DCBADBC}.Debug|Any CPU.Build.0 = Debug|Any CPU
		{4B30D8CA-36A7-4868-AED4-DB2F4DCBADBC}.Release|Any CPU.ActiveCfg = Release|Any CPU
		{4B30D8CA-36A7-4868-AED4-DB2F4DCBADBC}.Release|Any CPU.Build.0 = Release|Any CPU
	EndGlobalSection
	GlobalSection(SolutionProperties) = preSolution
		HideSolutionNode = FALSE
	EndGlobalSection
	GlobalSection(ExtensibilityGlobals) = postSolution
		SolutionGuid = {58639EB1-BAE4-4D62-AD40-736E5034DBD3}
	EndGlobalSection
EndGlobal
