
Microsoft Visual Studio Solution File, Format Version 12.00
# Visual Studio Version 16
VisualStudioVersion = 16.0.30804.86
MinimumVisualStudioVersion = 10.0.40219.1
Project("{FAE04EC0-301F-11D3-BF4B-00C04F79EFBC}") = "BlazorCanvasTest2", "BlazorCanvasTest2.csproj", "{84DE1947-3270-4D8E-8377-C861F6BB44C0}"
EndProject
Global
	GlobalSection(SolutionConfigurationPlatforms) = preSolution
		Debug|Any CPU = Debug|Any CPU
		Release|Any CPU = Release|Any CPU
	EndGlobalSection
	GlobalSection(ProjectConfigurationPlatforms) = postSolution
		{84DE1947-3270-4D8E-8377-C861F6BB44C0}.Debug|Any CPU.ActiveCfg = Debug|Any CPU
		{84DE1947-3270-4D8E-8377-C861F6BB44C0}.Debug|Any CPU.Build.0 = Debug|Any CPU
		{84DE1947-3270-4D8E-8377-C861F6BB44C0}.Release|Any CPU.ActiveCfg = Release|Any CPU
		{84DE1947-3270-4D8E-8377-C861F6BB44C0}.Release|Any CPU.Build.0 = Release|Any CPU
	EndGlobalSection
	GlobalSection(SolutionProperties) = preSolution
		HideSolutionNode = FALSE
	EndGlobalSection
	GlobalSection(ExtensibilityGlobals) = postSolution
		SolutionGuid = {665EB6F3-58F0-4211-8BE3-CA96CEAEE482}
	EndGlobalSection
EndGlobal
