
Microsoft Visual Studio Solution File, Format Version 12.00
# Visual Studio Version 16
VisualStudioVersion = 16.0.30011.22
MinimumVisualStudioVersion = 10.0.40219.1
Project("{FAE04EC0-301F-11D3-BF4B-00C04F79EFBC}") = "DrawingQuickstartConsole", "DrawingQuickstartConsole.csproj", "{A480044D-B981-4AC3-BCC4-CDA851BE5A5E}"
EndProject
Global
	GlobalSection(SolutionConfigurationPlatforms) = preSolution
		Debug|Any CPU = Debug|Any CPU
		Release|Any CPU = Release|Any CPU
	EndGlobalSection
	GlobalSection(ProjectConfigurationPlatforms) = postSolution
		{A480044D-B981-4AC3-BCC4-CDA851BE5A5E}.Debug|Any CPU.ActiveCfg = Debug|Any CPU
		{A480044D-B981-4AC3-BCC4-CDA851BE5A5E}.Debug|Any CPU.Build.0 = Debug|Any CPU
		{A480044D-B981-4AC3-BCC4-CDA851BE5A5E}.Release|Any CPU.ActiveCfg = Release|Any CPU
		{A480044D-B981-4AC3-BCC4-CDA851BE5A5E}.Release|Any CPU.Build.0 = Release|Any CPU
	EndGlobalSection
	GlobalSection(SolutionProperties) = preSolution
		HideSolutionNode = FALSE
	EndGlobalSection
	GlobalSection(ExtensibilityGlobals) = postSolution
		SolutionGuid = {3C8B63C7-2CF6-4B41-BA44-AF70071C7763}
	EndGlobalSection
EndGlobal
