
Microsoft Visual Studio Solution File, Format Version 12.00
# Visual Studio Version 17
VisualStudioVersion = 17.3.32819.101
MinimumVisualStudioVersion = 10.0.40219.1
Project("{9A19103F-16F7-4668-BE54-9A1E7A4F7556}") = "skiasharp-wrap", "skiasharp-wrap.csproj", "{A70B6F46-F591-4FA9-BA0E-7A4A59B19D57}"
EndProject
Global
	GlobalSection(SolutionConfigurationPlatforms) = preSolution
		Debug|Any CPU = Debug|Any CPU
		Release|Any CPU = Release|Any CPU
	EndGlobalSection
	GlobalSection(ProjectConfigurationPlatforms) = postSolution
		{A70B6F46-F591-4FA9-BA0E-7A4A59B19D57}.Debug|Any CPU.ActiveCfg = Debug|Any CPU
		{A70B6F46-F591-4FA9-BA0E-7A4A59B19D57}.Debug|Any CPU.Build.0 = Debug|Any CPU
		{A70B6F46-F591-4FA9-BA0E-7A4A59B19D57}.Release|Any CPU.ActiveCfg = Release|Any CPU
		{A70B6F46-F591-4FA9-BA0E-7A4A59B19D57}.Release|Any CPU.Build.0 = Release|Any CPU
	EndGlobalSection
	GlobalSection(SolutionProperties) = preSolution
		HideSolutionNode = FALSE
	EndGlobalSection
	GlobalSection(ExtensibilityGlobals) = postSolution
		SolutionGuid = {D16786F9-D2B2-4227-9D2B-8EB016CCD76D}
	EndGlobalSection
EndGlobal
