
Microsoft Visual Studio Solution File, Format Version 12.00
# Visual Studio Version 17
VisualStudioVersion = 17.0.32014.148
MinimumVisualStudioVersion = 10.0.40219.1
Project("{9A19103F-16F7-4668-BE54-9A1E7A4F7556}") = "ConsoleMauiGraphics", "ConsoleMauiGraphics.csproj", "{7F46D064-3713-4011-9A14-5E82AE27E941}"
EndProject
Global
	GlobalSection(SolutionConfigurationPlatforms) = preSolution
		Debug|Any CPU = Debug|Any CPU
		Release|Any CPU = Release|Any CPU
	EndGlobalSection
	GlobalSection(ProjectConfigurationPlatforms) = postSolution
		{7F46D064-3713-4011-9A14-5E82AE27E941}.Debug|Any CPU.ActiveCfg = Debug|Any CPU
		{7F46D064-3713-4011-9A14-5E82AE27E941}.Debug|Any CPU.Build.0 = Debug|Any CPU
		{7F46D064-3713-4011-9A14-5E82AE27E941}.Release|Any CPU.ActiveCfg = Release|Any CPU
		{7F46D064-3713-4011-9A14-5E82AE27E941}.Release|Any CPU.Build.0 = Release|Any CPU
	EndGlobalSection
	GlobalSection(SolutionProperties) = preSolution
		HideSolutionNode = FALSE
	EndGlobalSection
	GlobalSection(ExtensibilityGlobals) = postSolution
		SolutionGuid = {33ED578C-6FF5-4446-AD27-0A6404697E95}
	EndGlobalSection
EndGlobal
