
Microsoft Visual Studio Solution File, Format Version 12.00
# Visual Studio Version 16
VisualStudioVersion = 16.0.29613.14
MinimumVisualStudioVersion = 10.0.40219.1
Project("{FAE04EC0-301F-11D3-BF4B-00C04F79EFBC}") = "ScottPlotDemo", "ScottPlotDemo.csproj", "{D3AEB959-9342-4297-8AAC-CC991414B627}"
EndProject
Global
	GlobalSection(SolutionConfigurationPlatforms) = preSolution
		Debug|Any CPU = Debug|Any CPU
		Release|Any CPU = Release|Any CPU
	EndGlobalSection
	GlobalSection(ProjectConfigurationPlatforms) = postSolution
		{D3AEB959-9342-4297-8AAC-CC991414B627}.Debug|Any CPU.ActiveCfg = Debug|Any CPU
		{D3AEB959-9342-4297-8AAC-CC991414B627}.Debug|Any CPU.Build.0 = Debug|Any CPU
		{D3AEB959-9342-4297-8AAC-CC991414B627}.Release|Any CPU.ActiveCfg = Release|Any CPU
		{D3AEB959-9342-4297-8AAC-CC991414B627}.Release|Any CPU.Build.0 = Release|Any CPU
	EndGlobalSection
	GlobalSection(SolutionProperties) = preSolution
		HideSolutionNode = FALSE
	EndGlobalSection
	GlobalSection(ExtensibilityGlobals) = postSolution
		SolutionGuid = {FD7C71BA-F5C0-4AC7-9865-C92819B71845}
	EndGlobalSection
EndGlobal
