
Microsoft Visual Studio Solution File, Format Version 12.00
# Visual Studio Version 16
VisualStudioVersion = 16.0.29926.136
MinimumVisualStudioVersion = 10.0.40219.1
Project("{FAE04EC0-301F-11D3-BF4B-00C04F79EFBC}") = "QuickstartConsole", "QuickstartConsole\QuickstartConsole.csproj", "{B665A959-5DD0-46ED-8E35-6A2719EE97DF}"
EndProject
Project("{FAE04EC0-301F-11D3-BF4B-00C04F79EFBC}") = "QuickstartWinForms", "QuickstartWinForms\QuickstartWinForms.csproj", "{6534EC16-84F7-40EC-9E58-F971A870DB85}"
EndProject
Project("{FAE04EC0-301F-11D3-BF4B-00C04F79EFBC}") = "QuickstartWPF", "QuickstartWPF\QuickstartWPF.csproj", "{8D4A87B0-5DB4-4E8F-9E71-6D11A1A7DF87}"
EndProject
Global
	GlobalSection(SolutionConfigurationPlatforms) = preSolution
		Debug|Any CPU = Debug|Any CPU
		Release|Any CPU = Release|Any CPU
	EndGlobalSection
	GlobalSection(ProjectConfigurationPlatforms) = postSolution
		{B665A959-5DD0-46ED-8E35-6A2719EE97DF}.Debug|Any CPU.ActiveCfg = Debug|Any CPU
		{B665A959-5DD0-46ED-8E35-6A2719EE97DF}.Debug|Any CPU.Build.0 = Debug|Any CPU
		{B665A959-5DD0-46ED-8E35-6A2719EE97DF}.Release|Any CPU.ActiveCfg = Release|Any CPU
		{B665A959-5DD0-46ED-8E35-6A2719EE97DF}.Release|Any CPU.Build.0 = Release|Any CPU
		{6534EC16-84F7-40EC-9E58-F971A870DB85}.Debug|Any CPU.ActiveCfg = Debug|Any CPU
		{6534EC16-84F7-40EC-9E58-F971A870DB85}.Debug|Any CPU.Build.0 = Debug|Any CPU
		{6534EC16-84F7-40EC-9E58-F971A870DB85}.Release|Any CPU.ActiveCfg = Release|Any CPU
		{6534EC16-84F7-40EC-9E58-F971A870DB85}.Release|Any CPU.Build.0 = Release|Any CPU
		{8D4A87B0-5DB4-4E8F-9E71-6D11A1A7DF87}.Debug|Any CPU.ActiveCfg = Debug|Any CPU
		{8D4A87B0-5DB4-4E8F-9E71-6D11A1A7DF87}.Debug|Any CPU.Build.0 = Debug|Any CPU
		{8D4A87B0-5DB4-4E8F-9E71-6D11A1A7DF87}.Release|Any CPU.ActiveCfg = Release|Any CPU
		{8D4A87B0-5DB4-4E8F-9E71-6D11A1A7DF87}.Release|Any CPU.Build.0 = Release|Any CPU
	EndGlobalSection
	GlobalSection(SolutionProperties) = preSolution
		HideSolutionNode = FALSE
	EndGlobalSection
	GlobalSection(ExtensibilityGlobals) = postSolution
		SolutionGuid = {3DE68B8E-6B7C-4688-A01B-67BD564CAE57}
	EndGlobalSection
EndGlobal
