
Microsoft Visual Studio Solution File, Format Version 12.00
# Visual Studio Version 16
VisualStudioVersion = 16.0.30011.22
MinimumVisualStudioVersion = 10.0.40219.1
Project("{FAE04EC0-301F-11D3-BF4B-00C04F79EFBC}") = "DrawingQuickstartWinForms", "DrawingQuickstartWinForms.csproj", "{46675576-DEDF-4B06-A197-DA43C6D8E73F}"
EndProject
Global
	GlobalSection(SolutionConfigurationPlatforms) = preSolution
		Debug|Any CPU = Debug|Any CPU
		Release|Any CPU = Release|Any CPU
	EndGlobalSection
	GlobalSection(ProjectConfigurationPlatforms) = postSolution
		{46675576-DEDF-4B06-A197-DA43C6D8E73F}.Debug|Any CPU.ActiveCfg = Debug|Any CPU
		{46675576-DEDF-4B06-A197-DA43C6D8E73F}.Debug|Any CPU.Build.0 = Debug|Any CPU
		{46675576-DEDF-4B06-A197-DA43C6D8E73F}.Release|Any CPU.ActiveCfg = Release|Any CPU
		{46675576-DEDF-4B06-A197-DA43C6D8E73F}.Release|Any CPU.Build.0 = Release|Any CPU
	EndGlobalSection
	GlobalSection(SolutionProperties) = preSolution
		HideSolutionNode = FALSE
	EndGlobalSection
	GlobalSection(ExtensibilityGlobals) = postSolution
		SolutionGuid = {065B2333-D1E7-4ED4-B481-02C649F2CADB}
	EndGlobalSection
EndGlobal
