
Microsoft Visual Studio Solution File, Format Version 12.00
# Visual Studio Version 17
VisualStudioVersion = 17.0.32014.148
MinimumVisualStudioVersion = 10.0.40219.1
Project("{9A19103F-16F7-4668-BE54-9A1E7A4F7556}") = "Life", "Life\Life.csproj", "{5F5DBEA0-C523-46A3-A98C-3906A2480EC0}"
EndProject
Project("{FAE04EC0-301F-11D3-BF4B-00C04F79EFBC}") = "FormsLife", "FormsLife\FormsLife.csproj", "{02B50845-805A-4A46-90A0-E744F320C42C}"
EndProject
Global
	GlobalSection(SolutionConfigurationPlatforms) = preSolution
		Debug|Any CPU = Debug|Any CPU
		Release|Any CPU = Release|Any CPU
	EndGlobalSection
	GlobalSection(ProjectConfigurationPlatforms) = postSolution
		{5F5DBEA0-C523-46A3-A98C-3906A2480EC0}.Debug|Any CPU.ActiveCfg = Debug|Any CPU
		{5F5DBEA0-C523-46A3-A98C-3906A2480EC0}.Debug|Any CPU.Build.0 = Debug|Any CPU
		{5F5DBEA0-C523-46A3-A98C-3906A2480EC0}.Release|Any CPU.ActiveCfg = Release|Any CPU
		{5F5DBEA0-C523-46A3-A98C-3906A2480EC0}.Release|Any CPU.Build.0 = Release|Any CPU
		{02B50845-805A-4A46-90A0-E744F320C42C}.Debug|Any CPU.ActiveCfg = Debug|Any CPU
		{02B50845-805A-4A46-90A0-E744F320C42C}.Debug|Any CPU.Build.0 = Debug|Any CPU
		{02B50845-805A-4A46-90A0-E744F320C42C}.Release|Any CPU.ActiveCfg = Release|Any CPU
		{02B50845-805A-4A46-90A0-E744F320C42C}.Release|Any CPU.Build.0 = Release|Any CPU
	EndGlobalSection
	GlobalSection(SolutionProperties) = preSolution
		HideSolutionNode = FALSE
	EndGlobalSection
	GlobalSection(ExtensibilityGlobals) = postSolution
		SolutionGuid = {089C2CA3-EF8E-4BBA-9BA6-2EFFBB9C34D0}
	EndGlobalSection
EndGlobal
