
Microsoft Visual Studio Solution File, Format Version 12.00
# Visual Studio 15
VisualStudioVersion = 15.0.28010.2016
MinimumVisualStudioVersion = 10.0.40219.1
Project("{FAE04EC0-301F-11D3-BF4B-00C04F79EFBC}") = "ScottPlotMicrophoneFFT", "ScottPlotMicrophoneFFT\ScottPlotMicrophoneFFT.csproj", "{7F04DF87-BB75-4F4E-8892-7E0DAAA683C7}"
EndProject
Project("{FAE04EC0-301F-11D3-BF4B-00C04F79EFBC}") = "ScottPlot", "ScottPlot-2018-09-09\ScottPlot.csproj", "{146D9444-8D80-4049-AB17-55AE852F59E3}"
EndProject
Global
	GlobalSection(SolutionConfigurationPlatforms) = preSolution
		Debug|Any CPU = Debug|Any CPU
		Release|Any CPU = Release|Any CPU
	EndGlobalSection
	GlobalSection(ProjectConfigurationPlatforms) = postSolution
		{7F04DF87-BB75-4F4E-8892-7E0DAAA683C7}.Debug|Any CPU.ActiveCfg = Debug|Any CPU
		{7F04DF87-BB75-4F4E-8892-7E0DAAA683C7}.Debug|Any CPU.Build.0 = Debug|Any CPU
		{7F04DF87-BB75-4F4E-8892-7E0DAAA683C7}.Release|Any CPU.ActiveCfg = Release|Any CPU
		{7F04DF87-BB75-4F4E-8892-7E0DAAA683C7}.Release|Any CPU.Build.0 = Release|Any CPU
		{146D9444-8D80-4049-AB17-55AE852F59E3}.Debug|Any CPU.ActiveCfg = Debug|Any CPU
		{146D9444-8D80-4049-AB17-55AE852F59E3}.Debug|Any CPU.Build.0 = Debug|Any CPU
		{146D9444-8D80-4049-AB17-55AE852F59E3}.Release|Any CPU.ActiveCfg = Release|Any CPU
		{146D9444-8D80-4049-AB17-55AE852F59E3}.Release|Any CPU.Build.0 = Release|Any CPU
	EndGlobalSection
	GlobalSection(SolutionProperties) = preSolution
		HideSolutionNode = FALSE
	EndGlobalSection
	GlobalSection(ExtensibilityGlobals) = postSolution
		SolutionGuid = {8226477E-58AF-4503-B703-3B46E3BC92AE}
	EndGlobalSection
EndGlobal
