
Microsoft Visual Studio Solution File, Format Version 12.00
# Visual Studio Version 16
VisualStudioVersion = 16.0.29613.14
MinimumVisualStudioVersion = 10.0.40219.1
Project("{FAE04EC0-301F-11D3-BF4B-00C04F79EFBC}") = "ZedGraphDemo", "ZedGraphDemo.csproj", "{B7AC3FE6-7F84-424A-96B9-11128EFB2183}"
EndProject
Global
	GlobalSection(SolutionConfigurationPlatforms) = preSolution
		Debug|Any CPU = Debug|Any CPU
		Release|Any CPU = Release|Any CPU
	EndGlobalSection
	GlobalSection(ProjectConfigurationPlatforms) = postSolution
		{B7AC3FE6-7F84-424A-96B9-11128EFB2183}.Debug|Any CPU.ActiveCfg = Debug|Any CPU
		{B7AC3FE6-7F84-424A-96B9-11128EFB2183}.Debug|Any CPU.Build.0 = Debug|Any CPU
		{B7AC3FE6-7F84-424A-96B9-11128EFB2183}.Release|Any CPU.ActiveCfg = Release|Any CPU
		{B7AC3FE6-7F84-424A-96B9-11128EFB2183}.Release|Any CPU.Build.0 = Release|Any CPU
	EndGlobalSection
	GlobalSection(SolutionProperties) = preSolution
		HideSolutionNode = FALSE
	EndGlobalSection
	GlobalSection(ExtensibilityGlobals) = postSolution
		SolutionGuid = {7379A505-94B4-41A8-909F-024B38061EF8}
	EndGlobalSection
EndGlobal
