
Microsoft Visual Studio Solution File, Format Version 12.00
# Visual Studio Version 16
VisualStudioVersion = 16.0.29613.14
MinimumVisualStudioVersion = 10.0.40219.1
Project("{FAE04EC0-301F-11D3-BF4B-00C04F79EFBC}") = "WindowsFormsApp1", "WindowsFormsApp1.csproj", "{8BBFA4D4-5494-4C65-AF1F-7F8EAC94D486}"
EndProject
Global
	GlobalSection(SolutionConfigurationPlatforms) = preSolution
		Debug|Any CPU = Debug|Any CPU
		Release|Any CPU = Release|Any CPU
	EndGlobalSection
	GlobalSection(ProjectConfigurationPlatforms) = postSolution
		{8BBFA4D4-5494-4C65-AF1F-7F8EAC94D486}.Debug|Any CPU.ActiveCfg = Debug|Any CPU
		{8BBFA4D4-5494-4C65-AF1F-7F8EAC94D486}.Debug|Any CPU.Build.0 = Debug|Any CPU
		{8BBFA4D4-5494-4C65-AF1F-7F8EAC94D486}.Release|Any CPU.ActiveCfg = Release|Any CPU
		{8BBFA4D4-5494-4C65-AF1F-7F8EAC94D486}.Release|Any CPU.Build.0 = Release|Any CPU
	EndGlobalSection
	GlobalSection(SolutionProperties) = preSolution
		HideSolutionNode = FALSE
	EndGlobalSection
	GlobalSection(ExtensibilityGlobals) = postSolution
		SolutionGuid = {B72FEFAC-A299-448A-B322-925C0CB35850}
	EndGlobalSection
EndGlobal
